// !$*UTF8*$!
{
	archiveVersion = 1;
	classes = {
	};
	objectVersion = 51;
	objects = {

/* Begin PBXBuildFile section */
		6520985092C57DF6F7B2CAF8 /* Pods_TwitterClone.framework in Frameworks */ = {isa = PBXBuildFile; fileRef = CCE8E3765E3AC70933E7D4AD /* Pods_TwitterClone.framework */; };
		C42DAB8323D8CDEC0056BDDC /* ProfileImageView.swift in Sources */ = {isa = PBXBuildFile; fileRef = C42DAB8223D8CDEC0056BDDC /* ProfileImageView.swift */; };
		C42DAB8523D8CE330056BDDC /* PostRowButton.swift in Sources */ = {isa = PBXBuildFile; fileRef = C42DAB8423D8CE330056BDDC /* PostRowButton.swift */; };
		C42DAB8723D8DAC70056BDDC /* PostRow.swift in Sources */ = {isa = PBXBuildFile; fileRef = C42DAB8623D8DAC70056BDDC /* PostRow.swift */; };
		C42DAB8923D8E31F0056BDDC /* Constants.swift in Sources */ = {isa = PBXBuildFile; fileRef = C42DAB8823D8E31F0056BDDC /* Constants.swift */; };
		C4ABB85223D7897D00631BC5 /* AppDelegate.swift in Sources */ = {isa = PBXBuildFile; fileRef = C4ABB85123D7897D00631BC5 /* AppDelegate.swift */; };
		C4ABB85423D7897D00631BC5 /* SceneDelegate.swift in Sources */ = {isa = PBXBuildFile; fileRef = C4ABB85323D7897D00631BC5 /* SceneDelegate.swift */; };
		C4ABB85623D7897D00631BC5 /* ContentView.swift in Sources */ = {isa = PBXBuildFile; fileRef = C4ABB85523D7897D00631BC5 /* ContentView.swift */; };
		C4ABB85823D7898200631BC5 /* Assets.xcassets in Resources */ = {isa = PBXBuildFile; fileRef = C4ABB85723D7898200631BC5 /* Assets.xcassets */; };
		C4ABB85B23D7898200631BC5 /* Preview Assets.xcassets in Resources */ = {isa = PBXBuildFile; fileRef = C4ABB85A23D7898200631BC5 /* Preview Assets.xcassets */; };
		C4ABB85E23D7898200631BC5 /* LaunchScreen.storyboard in Resources */ = {isa = PBXBuildFile; fileRef = C4ABB85C23D7898200631BC5 /* LaunchScreen.storyboard */; };
		C4ABB86623D78CEC00631BC5 /* GoogleService-Info.plist in Resources */ = {isa = PBXBuildFile; fileRef = C4ABB86523D78CEB00631BC5 /* GoogleService-Info.plist */; };
		C4ABB86A23D7955500631BC5 /* FeedView.swift in Sources */ = {isa = PBXBuildFile; fileRef = C4ABB86923D7955500631BC5 /* FeedView.swift */; };
		C4ABB86C23D7A73D00631BC5 /* Post.swift in Sources */ = {isa = PBXBuildFile; fileRef = C4ABB86B23D7A73D00631BC5 /* Post.swift */; };
		C4ABB87023D7AB6200631BC5 /* PostStore.swift in Sources */ = {isa = PBXBuildFile; fileRef = C4ABB86F23D7AB6200631BC5 /* PostStore.swift */; };
/* End PBXBuildFile section */

/* Begin PBXFileReference section */
		32507641DD6D3EFF13D000C7 /* Pods-TwitterClone.debug.xcconfig */ = {isa = PBXFileReference; includeInIndex = 1; lastKnownFileType = text.xcconfig; name = "Pods-TwitterClone.debug.xcconfig"; path = "Target Support Files/Pods-TwitterClone/Pods-TwitterClone.debug.xcconfig"; sourceTree = "<group>"; };
		6BCDF762CD700DC4F249218C /* Pods-TwitterClone.release.xcconfig */ = {isa = PBXFileReference; includeInIndex = 1; lastKnownFileType = text.xcconfig; name = "Pods-TwitterClone.release.xcconfig"; path = "Target Support Files/Pods-TwitterClone/Pods-TwitterClone.release.xcconfig"; sourceTree = "<group>"; };
		C42DAB8223D8CDEC0056BDDC /* ProfileImageView.swift */ = {isa = PBXFileReference; lastKnownFileType = sourcecode.swift; path = ProfileImageView.swift; sourceTree = "<group>"; };
		C42DAB8423D8CE330056BDDC /* PostRowButton.swift */ = {isa = PBXFileReference; lastKnownFileType = sourcecode.swift; path = PostRowButton.swift; sourceTree = "<group>"; };
		C42DAB8623D8DAC70056BDDC /* PostRow.swift */ = {isa = PBXFileReference; lastKnownFileType = sourcecode.swift; path = PostRow.swift; sourceTree = "<group>"; };
		C42DAB8823D8E31F0056BDDC /* Constants.swift */ = {isa = PBXFileReference; lastKnownFileType = sourcecode.swift; path = Constants.swift; sourceTree = "<group>"; };
		C4ABB84E23D7897D00631BC5 /* TwitterClone.app */ = {isa = PBXFileReference; explicitFileType = wrapper.application; includeInIndex = 0; path = TwitterClone.app; sourceTree = BUILT_PRODUCTS_DIR; };
		C4ABB85123D7897D00631BC5 /* AppDelegate.swift */ = {isa = PBXFileReference; lastKnownFileType = sourcecode.swift; path = AppDelegate.swift; sourceTree = "<group>"; };
		C4ABB85323D7897D00631BC5 /* SceneDelegate.swift */ = {isa = PBXFileReference; lastKnownFileType = sourcecode.swift; path = SceneDelegate.swift; sourceTree = "<group>"; };
		C4ABB85523D7897D00631BC5 /* ContentView.swift */ = {isa = PBXFileReference; lastKnownFileType = sourcecode.swift; path = ContentView.swift; sourceTree = "<group>"; };
		C4ABB85723D7898200631BC5 /* Assets.xcassets */ = {isa = PBXFileReference; lastKnownFileType = folder.assetcatalog; path = Assets.xcassets; sourceTree = "<group>"; };
		C4ABB85A23D7898200631BC5 /* Preview Assets.xcassets */ = {isa = PBXFileReference; lastKnownFileType = folder.assetcatalog; path = "Preview Assets.xcassets"; sourceTree = "<group>"; };
		C4ABB85D23D7898200631BC5 /* Base */ = {isa = PBXFileReference; lastKnownFileType = file.storyboard; name = Base; path = Base.lproj/LaunchScreen.storyboard; sourceTree = "<group>"; };
		C4ABB85F23D7898200631BC5 /* Info.plist */ = {isa = PBXFileReference; lastKnownFileType = text.plist.xml; path = Info.plist; sourceTree = "<group>"; };
		C4ABB86523D78CEB00631BC5 /* GoogleService-Info.plist */ = {isa = PBXFileReference; fileEncoding = 4; lastKnownFileType = text.plist.xml; path = "GoogleService-Info.plist"; sourceTree = "<group>"; };
		C4ABB86923D7955500631BC5 /* FeedView.swift */ = {isa = PBXFileReference; lastKnownFileType = sourcecode.swift; path = FeedView.swift; sourceTree = "<group>"; };
		C4ABB86B23D7A73D00631BC5 /* Post.swift */ = {isa = PBXFileReference; lastKnownFileType = sourcecode.swift; path = Post.swift; sourceTree = "<group>"; };
		C4ABB86F23D7AB6200631BC5 /* PostStore.swift */ = {isa = PBXFileReference; lastKnownFileType = sourcecode.swift; path = PostStore.swift; sourceTree = "<group>"; };
		CCE8E3765E3AC70933E7D4AD /* Pods_TwitterClone.framework */ = {isa = PBXFileReference; explicitFileType = wrapper.framework; includeInIndex = 0; path = Pods_TwitterClone.framework; sourceTree = BUILT_PRODUCTS_DIR; };
/* End PBXFileReference section */

/* Begin PBXFrameworksBuildPhase section */
		C4ABB84B23D7897C00631BC5 /* Frameworks */ = {
			isa = PBXFrameworksBuildPhase;
			buildActionMask = 2147483647;
			files = (
				6520985092C57DF6F7B2CAF8 /* Pods_TwitterClone.framework in Frameworks */,
			);
			runOnlyForDeploymentPostprocessing = 0;
		};
/* End PBXFrameworksBuildPhase section */

/* Begin PBXGroup section */
		911879F7EBA8CE8072E37B12 /* Frameworks */ = {
			isa = PBXGroup;
			children = (
				CCE8E3765E3AC70933E7D4AD /* Pods_TwitterClone.framework */,
			);
			name = Frameworks;
			sourceTree = "<group>";
		};
		C4ABB84523D7897C00631BC5 = {
			isa = PBXGroup;
			children = (
				C4ABB85023D7897D00631BC5 /* TwitterClone */,
				C4ABB84F23D7897D00631BC5 /* Products */,
				E7ABA851E1D29E89D872205C /* Pods */,
				911879F7EBA8CE8072E37B12 /* Frameworks */,
			);
			sourceTree = "<group>";
		};
		C4ABB84F23D7897D00631BC5 /* Products */ = {
			isa = PBXGroup;
			children = (
				C4ABB84E23D7897D00631BC5 /* TwitterClone.app */,
			);
			name = Products;
			sourceTree = "<group>";
		};
		C4ABB85023D7897D00631BC5 /* TwitterClone */ = {
			isa = PBXGroup;
			children = (
				C4ABB85123D7897D00631BC5 /* AppDelegate.swift */,
				C4ABB85323D7897D00631BC5 /* SceneDelegate.swift */,
				C4ABB85523D7897D00631BC5 /* ContentView.swift */,
				C4ABB86B23D7A73D00631BC5 /* Post.swift */,
				C4ABB86F23D7AB6200631BC5 /* PostStore.swift */,
				C42DAB8223D8CDEC0056BDDC /* ProfileImageView.swift */,
				C42DAB8423D8CE330056BDDC /* PostRowButton.swift */,
				C4ABB86923D7955500631BC5 /* FeedView.swift */,
				C42DAB8623D8DAC70056BDDC /* PostRow.swift */,
				C4ABB85723D7898200631BC5 /* Assets.xcassets */,
				C4ABB85C23D7898200631BC5 /* LaunchScreen.storyboard */,
				C4ABB86523D78CEB00631BC5 /* GoogleService-Info.plist */,
				C4ABB85F23D7898200631BC5 /* Info.plist */,
				C4ABB85923D7898200631BC5 /* Preview Content */,
				C42DAB8823D8E31F0056BDDC /* Constants.swift */,
			);
			path = TwitterClone;
			sourceTree = "<group>";
		};
		C4ABB85923D7898200631BC5 /* Preview Content */ = {
			isa = PBXGroup;
			children = (
				C4ABB85A23D7898200631BC5 /* Preview Assets.xcassets */,
			);
			path = "Preview Content";
			sourceTree = "<group>";
		};
		E7ABA851E1D29E89D872205C /* Pods */ = {
			isa = PBXGroup;
			children = (
				32507641DD6D3EFF13D000C7 /* Pods-TwitterClone.debug.xcconfig */,
				6BCDF762CD700DC4F249218C /* Pods-TwitterClone.release.xcconfig */,
			);
			path = Pods;
			sourceTree = "<group>";
		};
/* End PBXGroup section */

/* Begin PBXNativeTarget section */
		C4ABB84D23D7897C00631BC5 /* TwitterClone */ = {
			isa = PBXNativeTarget;
			buildConfigurationList = C4ABB86223D7898200631BC5 /* Build configuration list for PBXNativeTarget "TwitterClone" */;
			buildPhases = (
				E3B12DE132888777318321F7 /* [CP] Check Pods Manifest.lock */,
				C4ABB84A23D7897C00631BC5 /* Sources */,
				C4ABB84B23D7897C00631BC5 /* Frameworks */,
				C4ABB84C23D7897C00631BC5 /* Resources */,
				3AD475EE4B48F1850FC07EB0 /* [CP] Embed Pods Frameworks */,
			);
			buildRules = (
			);
			dependencies = (
			);
			name = TwitterClone;
			productName = TwitterClone;
			productReference = C4ABB84E23D7897D00631BC5 /* TwitterClone.app */;
			productType = "com.apple.product-type.application";
		};
/* End PBXNativeTarget section */

/* Begin PBXProject section */
		C4ABB84623D7897C00631BC5 /* Project object */ = {
			isa = PBXProject;
			attributes = {
				LastSwiftUpdateCheck = 1130;
				LastUpgradeCheck = 1130;
				ORGANIZATIONNAME = "Kawasaki Masasi";
				TargetAttributes = {
					C4ABB84D23D7897C00631BC5 = {
						CreatedOnToolsVersion = 11.3.1;
					};
				};
			};
			buildConfigurationList = C4ABB84923D7897C00631BC5 /* Build configuration list for PBXProject "TwitterClone" */;
			compatibilityVersion = "Xcode 9.3";
			developmentRegion = en;
			hasScannedForEncodings = 0;
			knownRegions = (
				en,
				Base,
			);
			mainGroup = C4ABB84523D7897C00631BC5;
			productRefGroup = C4ABB84F23D7897D00631BC5 /* Products */;
			projectDirPath = "";
			projectRoot = "";
			targets = (
				C4ABB84D23D7897C00631BC5 /* TwitterClone */,
			);
		};
/* End PBXProject section */

/* Begin PBXResourcesBuildPhase section */
		C4ABB84C23D7897C00631BC5 /* Resources */ = {
			isa = PBXResourcesBuildPhase;
			buildActionMask = 2147483647;
			files = (
				C4ABB85E23D7898200631BC5 /* LaunchScreen.storyboard in Resources */,
				C4ABB86623D78CEC00631BC5 /* GoogleService-Info.plist in Resources */,
				C4ABB85B23D7898200631BC5 /* Preview Assets.xcassets in Resources */,
				C4ABB85823D7898200631BC5 /* Assets.xcassets in Resources */,
			);
			runOnlyForDeploymentPostprocessing = 0;
		};
/* End PBXResourcesBuildPhase section */

/* Begin PBXShellScriptBuildPhase section */
		3AD475EE4B48F1850FC07EB0 /* [CP] Embed Pods Frameworks */ = {
			isa = PBXShellScriptBuildPhase;
			buildActionMask = 2147483647;
			files = (
			);
			inputFileListPaths = (
				"${PODS_ROOT}/Target Support Files/Pods-TwitterClone/Pods-TwitterClone-frameworks-${CONFIGURATION}-input-files.xcfilelist",
			);
			name = "[CP] Embed Pods Frameworks";
			outputFileListPaths = (
				"${PODS_ROOT}/Target Support Files/Pods-TwitterClone/Pods-TwitterClone-frameworks-${CONFIGURATION}-output-files.xcfilelist",
			);
			runOnlyForDeploymentPostprocessing = 0;
			shellPath = /bin/sh;
			shellScript = "\"${PODS_ROOT}/Target Support Files/Pods-TwitterClone/Pods-TwitterClone-frameworks.sh\"\n";
			showEnvVarsInLog = 0;
		};
		E3B12DE132888777318321F7 /* [CP] Check Pods Manifest.lock */ = {
			isa = PBXShellScriptBuildPhase;
			buildActionMask = 2147483647;
			files = (
			);
			inputFileListPaths = (
			);
			inputPaths = (
				"${PODS_PODFILE_DIR_PATH}/Podfile.lock",
				"${PODS_ROOT}/Manifest.lock",
			);
			name = "[CP] Check Pods Manifest.lock";
			outputFileListPaths = (
			);
			outputPaths = (
				"$(DERIVED_FILE_DIR)/Pods-TwitterClone-checkManifestLockResult.txt",
			);
			runOnlyForDeploymentPostprocessing = 0;
			shellPath = /bin/sh;
			shellScript = "diff \"${PODS_PODFILE_DIR_PATH}/Podfile.lock\" \"${PODS_ROOT}/Manifest.lock\" > /dev/null\nif [ $? != 0 ] ; then\n    # print error to STDERR\n    echo \"error: The sandbox is not in sync with the Podfile.lock. Run 'pod install' or update your CocoaPods installation.\" >&2\n    exit 1\nfi\n# This output is used by Xcode 'outputs' to avoid re-running this script phase.\necho \"SUCCESS\" > \"${SCRIPT_OUTPUT_FILE_0}\"\n";
			showEnvVarsInLog = 0;
		};
/* End PBXShellScriptBuildPhase section */

/* Begin PBXSourcesBuildPhase section */
		C4ABB84A23D7897C00631BC5 /* Sources */ = {
			isa = PBXSourcesBuildPhase;
			buildActionMask = 2147483647;
			files = (
				C42DAB8323D8CDEC0056BDDC /* ProfileImageView.swift in Sources */,
				C4ABB86A23D7955500631BC5 /* FeedView.swift in Sources */,
				C42DAB8723D8DAC70056BDDC /* PostRow.swift in Sources */,
				C4ABB87023D7AB6200631BC5 /* PostStore.swift in Sources */,
				C4ABB85223D7897D00631BC5 /* AppDelegate.swift in Sources */,
				C42DAB8923D8E31F0056BDDC /* Constants.swift in Sources */,
				C4ABB85423D7897D00631BC5 /* SceneDelegate.swift in Sources */,
				C4ABB85623D7897D00631BC5 /* ContentView.swift in Sources */,
				C42DAB8523D8CE330056BDDC /* PostRowButton.swift in Sources */,
				C4ABB86C23D7A73D00631BC5 /* Post.swift in Sources */,
			);
			runOnlyForDeploymentPostprocessing = 0;
		};
/* End PBXSourcesBuildPhase section */

/* Begin PBXVariantGroup section */
		C4ABB85C23D7898200631BC5 /* LaunchScreen.storyboard */ = {
			isa = PBXVariantGroup;
			children = (
				C4ABB85D23D7898200631BC5 /* Base */,
			);
			name = LaunchScreen.storyboard;
			sourceTree = "<group>";
		};
/* End PBXVariantGroup section */

/* Begin XCBuildConfiguration section */
		C4ABB86023D7898200631BC5 /* Debug */ = {
			isa = XCBuildConfiguration;
			buildSettings = {
				ALWAYS_SEARCH_USER_PATHS = NO;
				CLANG_ANALYZER_NONNULL = YES;
				CLANG_ANALYZER_NUMBER_OBJECT_CONVERSION = YES_AGGRESSIVE;
				CLANG_CXX_LANGUAGE_STANDARD = "gnu++14";
				CLANG_CXX_LIBRARY = "libc++";
				CLANG_ENABLE_MODULES = YES;
				CLANG_ENABLE_OBJC_ARC = YES;
				CLANG_ENABLE_OBJC_WEAK = YES;
				CLANG_WARN_BLOCK_CAPTURE_AUTORELEASING = YES;
				CLANG_WARN_BOOL_CONVERSION = YES;
				CLANG_WARN_COMMA = YES;
				CLANG_WARN_CONSTANT_CONVERSION = YES;
				CLANG_WARN_DEPRECATED_OBJC_IMPLEMENTATIONS = YES;
				CLANG_WARN_DIRECT_OBJC_ISA_USAGE = YES_ERROR;
				CLANG_WARN_DOCUMENTATION_COMMENTS = YES;
				CLANG_WARN_EMPTY_BODY = YES;
				CLANG_WARN_ENUM_CONVERSION = YES;
				CLANG_WARN_INFINITE_RECURSION = YES;
				CLANG_WARN_INT_CONVERSION = YES;
				CLANG_WARN_NON_LITERAL_NULL_CONVERSION = YES;
				CLANG_WARN_OBJC_IMPLICIT_RETAIN_SELF = YES;
				CLANG_WARN_OBJC_LITERAL_CONVERSION = YES;
				CLANG_WARN_OBJC_ROOT_CLASS = YES_ERROR;
				CLANG_WARN_RANGE_LOOP_ANALYSIS = YES;
				CLANG_WARN_STRICT_PROTOTYPES = YES;
				CLANG_WARN_SUSPICIOUS_MOVE = YES;
				CLANG_WARN_UNGUARDED_AVAILABILITY = YES_AGGRESSIVE;
				CLANG_WARN_UNREACHABLE_CODE = YES;
				CLANG_WARN__DUPLICATE_METHOD_MATCH = YES;
				COPY_PHASE_STRIP = NO;
				DEBUG_INFORMATION_FORMAT = dwarf;
				ENABLE_STRICT_OBJC_MSGSEND = YES;
				ENABLE_TESTABILITY = YES;
				GCC_C_LANGUAGE_STANDARD = gnu11;
				GCC_DYNAMIC_NO_PIC = NO;
				GCC_NO_COMMON_BLOCKS = YES;
				GCC_OPTIMIZATION_LEVEL = 0;
				GCC_PREPROCESSOR_DEFINITIONS = (
					"DEBUG=1",
					"$(inherited)",
				);
				GCC_WARN_64_TO_32_BIT_CONVERSION = YES;
				GCC_WARN_ABOUT_RETURN_TYPE = YES_ERROR;
				GCC_WARN_UNDECLARED_SELECTOR = YES;
				GCC_WARN_UNINITIALIZED_AUTOS = YES_AGGRESSIVE;
				GCC_WARN_UNUSED_FUNCTION = YES;
				GCC_WARN_UNUSED_VARIABLE = YES;
				IPHONEOS_DEPLOYMENT_TARGET = 13.2;
				MTL_ENABLE_DEBUG_INFO = INCLUDE_SOURCE;
				MTL_FAST_MATH = YES;
				ONLY_ACTIVE_ARCH = YES;
				SDKROOT = iphoneos;
				SWIFT_ACTIVE_COMPILATION_CONDITIONS = DEBUG;
				SWIFT_OPTIMIZATION_LEVEL = "-Onone";
			};
			name = Debug;
		};
		C4ABB86123D7898200631BC5 /* Release */ = {
			isa = XCBuildConfiguration;
			buildSettings = {
				ALWAYS_SEARCH_USER_PATHS = NO;
				CLANG_ANALYZER_NONNULL = YES;
				CLANG_ANALYZER_NUMBER_OBJECT_CONVERSION = YES_AGGRESSIVE;
				CLANG_CXX_LANGUAGE_STANDARD = "gnu++14";
				CLANG_CXX_LIBRARY = "libc++";
				CLANG_ENABLE_MODULES = YES;
				CLANG_ENABLE_OBJC_ARC = YES;
				CLANG_ENABLE_OBJC_WEAK = YES;
				CLANG_WARN_BLOCK_CAPTURE_AUTORELEASING = YES;
				CLANG_WARN_BOOL_CONVERSION = YES;
				CLANG_WARN_COMMA = YES;
				CLANG_WARN_CONSTANT_CONVERSION = YES;
				CLANG_WARN_DEPRECATED_OBJC_IMPLEMENTATIONS = YES;
				CLANG_WARN_DIRECT_OBJC_ISA_USAGE = YES_ERROR;
				CLANG_WARN_DOCUMENTATION_COMMENTS = YES;
				CLANG_WARN_EMPTY_BODY = YES;
				CLANG_WARN_ENUM_CONVERSION = YES;
				CLANG_WARN_INFINITE_RECURSION = YES;
				CLANG_WARN_INT_CONVERSION = YES;
				CLANG_WARN_NON_LITERAL_NULL_CONVERSION = YES;
				CLANG_WARN_OBJC_IMPLICIT_RETAIN_SELF = YES;
				CLANG_WARN_OBJC_LITERAL_CONVERSION = YES;
				CLANG_WARN_OBJC_ROOT_CLASS = YES_ERROR;
				CLANG_WARN_RANGE_LOOP_ANALYSIS = YES;
				CLANG_WARN_STRICT_PROTOTYPES = YES;
				CLANG_WARN_SUSPICIOUS_MOVE = YES;
				CLANG_WARN_UNGUARDED_AVAILABILITY = YES_AGGRESSIVE;
				CLANG_WARN_UNREACHABLE_CODE = YES;
				CLANG_WARN__DUPLICATE_METHOD_MATCH = YES;
				COPY_PHASE_STRIP = NO;
				DEBUG_INFORMATION_FORMAT = "dwarf-with-dsym";
				ENABLE_NS_ASSERTIONS = NO;
				ENABLE_STRICT_OBJC_MSGSEND = YES;
				GCC_C_LANGUAGE_STANDARD = gnu11;
				GCC_NO_COMMON_BLOCKS = YES;
				GCC_WARN_64_TO_32_BIT_CONVERSION = YES;
				GCC_WARN_ABOUT_RETURN_TYPE = YES_ERROR;
				GCC_WARN_UNDECLARED_SELECTOR = YES;
				GCC_WARN_UNINITIALIZED_AUTOS = YES_AGGRESSIVE;
				GCC_WARN_UNUSED_FUNCTION = YES;
				GCC_WARN_UNUSED_VARIABLE = YES;
				IPHONEOS_DEPLOYMENT_TARGET = 13.2;
				MTL_ENABLE_DEBUG_INFO = NO;
				MTL_FAST_MATH = YES;
				SDKROOT = iphoneos;
				SWIFT_COMPILATION_MODE = wholemodule;
				SWIFT_OPTIMIZATION_LEVEL = "-O";
				VALIDATE_PRODUCT = YES;
			};
			name = Release;
		};
		C4ABB86323D7898200631BC5 /* Debug */ = {
			isa = XCBuildConfiguration;
			baseConfigurationReference = 32507641DD6D3EFF13D000C7 /* Pods-TwitterClone.debug.xcconfig */;
			buildSettings = {
				ASSETCATALOG_COMPILER_APPICON_NAME = AppIcon;
				CODE_SIGN_STYLE = Automatic;
				DEVELOPMENT_ASSET_PATHS = "\"TwitterClone/Preview Content\"";
				DEVELOPMENT_TEAM = HPSXDD3MCW;
				ENABLE_PREVIEWS = YES;
				INFOPLIST_FILE = TwitterClone/Info.plist;
				LD_RUNPATH_SEARCH_PATHS = (
					"$(inherited)",
					"@executable_path/Frameworks",
				);
				PRODUCT_BUNDLE_IDENTIFIER = com.masasi.TwitterClone;
				PRODUCT_NAME = "$(TARGET_NAME)";
				SWIFT_VERSION = 5.0;
				TARGETED_DEVICE_FAMILY = "1,2";
			};
			name = Debug;
		};
		C4ABB86423D7898200631BC5 /* Release */ = {
			isa = XCBuildConfiguration;
			baseConfigurationReference = 6BCDF762CD700DC4F249218C /* Pods-TwitterClone.release.xcconfig */;
			buildSettings = {
				ASSETCATALOG_COMPILER_APPICON_NAME = AppIcon;
				CODE_SIGN_STYLE = Automatic;
				DEVELOPMENT_ASSET_PATHS = "\"TwitterClone/Preview Content\"";
				DEVELOPMENT_TEAM = HPSXDD3MCW;
				ENABLE_PREVIEWS = YES;
				INFOPLIST_FILE = TwitterClone/Info.plist;
				LD_RUNPATH_SEARCH_PATHS = (
					"$(inherited)",
					"@executable_path/Frameworks",
				);
				PRODUCT_BUNDLE_IDENTIFIER = com.masasi.TwitterClone;
				PRODUCT_NAME = "$(TARGET_NAME)";
				SWIFT_VERSION = 5.0;
				TARGETED_DEVICE_FAMILY = "1,2";
			};
			name = Release;
		};
/* End XCBuildConfiguration section */

/* Begin XCConfigurationList section */
		C4ABB84923D7897C00631BC5 /* Build configuration list for PBXProject "TwitterClone" */ = {
			isa = XCConfigurationList;
			buildConfigurations = (
				C4ABB86023D7898200631BC5 /* Debug */,
				C4ABB86123D7898200631BC5 /* Release */,
			);
			defaultConfigurationIsVisible = 0;
			defaultConfigurationName = Release;
		};
		C4ABB86223D7898200631BC5 /* Build configuration list for PBXNativeTarget "TwitterClone" */ = {
			isa = XCConfigurationList;
			buildConfigurations = (
				C4ABB86323D7898200631BC5 /* Debug */,
				C4ABB86423D7898200631BC5 /* Release */,
			);
			defaultConfigurationIsVisible = 0;
			defaultConfigurationName = Release;
		};
/* End XCConfigurationList section */
	};
	rootObject = C4ABB84623D7897C00631BC5 /* Project object */;
}
